uuid: 6d69cb35-fe37-4da8-b567-2699692c73da
langcode: hu
status: true
dependencies:
  module:
    - block_content
  enforced:
    module:
      - gutenberg
_core:
  default_config_hash: 0nRdlyXwWiWvI4FdhHFKcKfOGaW3sirwqY0dUr5JIlg
id: block_content.reusable_block
label: 'Reusable block'
targetEntityType: block_content
cache: true
